
Microsoft Visual Studio Solution File, Format Version 12.00
# Visual Studio 15
VisualStudioVersion = 15.0.26430.15
MinimumVisualStudioVersion = 10.0.40219.1
Project("{FAE04EC0-301F-11D3-BF4B-00C04F79EFBC}") = "RenamerMP3", "RenamerMP3\RenamerMP3.csproj", "{134C1997-BEC2-4EFB-8601-8EE32749E2A9}"
EndProject
Project("{FAE04EC0-301F-11D3-BF4B-00C04F79EFBC}") = "RenamerMP3Library", "RenamerMP3Library\RenamerMP3Library.csproj", "{3E10F6B9-A35D-44DB-B5E4-BC0DECCFD773}"
EndProject
Project("{FAE04EC0-301F-11D3-BF4B-00C04F79EFBC}") = "RenamerUnitTest", "RenamerUnitTest\RenamerUnitTest.csproj", "{8057E1BF-CF70-461A-8CF0-4F185378C415}"
EndProject
Global
	GlobalSection(SolutionConfigurationPlatforms) = preSolution
		Debug|Any CPU = Debug|Any CPU
		Release|Any CPU = Release|Any CPU
	EndGlobalSection
	GlobalSection(ProjectConfigurationPlatforms) = postSolution
		{134C1997-BEC2-4EFB-8601-8EE32749E2A9}.Debug|Any CPU.ActiveCfg = Debug|Any CPU
		{134C1997-BEC2-4EFB-8601-8EE32749E2A9}.Debug|Any CPU.Build.0 = Debug|Any CPU
		{134C1997-BEC2-4EFB-8601-8EE32749E2A9}.Release|Any CPU.ActiveCfg = Release|Any CPU
		{134C1997-BEC2-4EFB-8601-8EE32749E2A9}.Release|Any CPU.Build.0 = Release|Any CPU
		{3E10F6B9-A35D-44DB-B5E4-BC0DECCFD773}.Debug|Any CPU.ActiveCfg = Debug|Any CPU
		{3E10F6B9-A35D-44DB-B5E4-BC0DECCFD773}.Debug|Any CPU.Build.0 = Debug|Any CPU
		{3E10F6B9-A35D-44DB-B5E4-BC0DECCFD773}.Release|Any CPU.ActiveCfg = Release|Any CPU
		{3E10F6B9-A35D-44DB-B5E4-BC0DECCFD773}.Release|Any CPU.Build.0 = Release|Any CPU
		{8057E1BF-CF70-461A-8CF0-4F185378C415}.Debug|Any CPU.ActiveCfg = Debug|Any CPU
		{8057E1BF-CF70-461A-8CF0-4F185378C415}.Debug|Any CPU.Build.0 = Debug|Any CPU
		{8057E1BF-CF70-461A-8CF0-4F185378C415}.Release|Any CPU.ActiveCfg = Release|Any CPU
		{8057E1BF-CF70-461A-8CF0-4F185378C415}.Release|Any CPU.Build.0 = Release|Any CPU
	EndGlobalSection
	GlobalSection(SolutionProperties) = preSolution
		HideSolutionNode = FALSE
	EndGlobalSection
EndGlobal
